// !$*UTF8*$!
{
	archiveVersion = 1;
	classes = {
	};
	objectVersion = 46;
	objects = {

/* Begin PBXBuildFile section */
		414691421E32A9C60096FFA2 /* UserNotifications.framework in Frameworks */ = {isa = PBXBuildFile; fileRef = 414691411E32A9C60096FFA2 /* UserNotifications.framework */; };
		414691441E32A9C60096FFA2 /* UserNotificationsUI.framework in Frameworks */ = {isa = PBXBuildFile; fileRef = 414691431E32A9C60096FFA2 /* UserNotificationsUI.framework */; };
		414691471E32A9C60096FFA2 /* NotificationViewController.swift in Sources */ = {isa = PBXBuildFile; fileRef = 414691461E32A9C60096FFA2 /* NotificationViewController.swift */; };
		4146914A1E32A9C60096FFA2 /* MainInterface.storyboard in Resources */ = {isa = PBXBuildFile; fileRef = 414691481E32A9C60096FFA2 /* MainInterface.storyboard */; };
		4146914E1E32A9C60096FFA2 /* ExampleNotificationExtension.appex in Embed App Extensions */ = {isa = PBXBuildFile; fileRef = 4146913F1E32A9C60096FFA2 /* ExampleNotificationExtension.appex */; settings = {ATTRIBUTES = (RemoveHeadersOnCopy, ); }; };
		414857261E32526100CDE9C5 /* AppDelegate.swift in Sources */ = {isa = PBXBuildFile; fileRef = 414857251E32526100CDE9C5 /* AppDelegate.swift */; };
		414857281E32526100CDE9C5 /* ViewController.swift in Sources */ = {isa = PBXBuildFile; fileRef = 414857271E32526100CDE9C5 /* ViewController.swift */; };
		4148572B1E32526100CDE9C5 /* Main.storyboard in Resources */ = {isa = PBXBuildFile; fileRef = 414857291E32526100CDE9C5 /* Main.storyboard */; };
		4148572D1E32526100CDE9C5 /* Assets.xcassets in Resources */ = {isa = PBXBuildFile; fileRef = 4148572C1E32526100CDE9C5 /* Assets.xcassets */; };
		414857301E32526100CDE9C5 /* LaunchScreen.storyboard in Resources */ = {isa = PBXBuildFile; fileRef = 4148572E1E32526100CDE9C5 /* LaunchScreen.storyboard */; };
		414857381E3260E600CDE9C5 /* cat.gif in Resources */ = {isa = PBXBuildFile; fileRef = 414857371E3260E600CDE9C5 /* cat.gif */; };
/* End PBXBuildFile section */

/* Begin PBXContainerItemProxy section */
		4146914C1E32A9C60096FFA2 /* PBXContainerItemProxy */ = {
			isa = PBXContainerItemProxy;
			containerPortal = 4148571A1E32526000CDE9C5 /* Project object */;
			proxyType = 1;
			remoteGlobalIDString = 4146913E1E32A9C60096FFA2;
			remoteInfo = ExampleNotificationExtension;
		};
/* End PBXContainerItemProxy section */

/* Begin PBXCopyFilesBuildPhase section */
		414691521E32A9C60096FFA2 /* Embed App Extensions */ = {
			isa = PBXCopyFilesBuildPhase;
			buildActionMask = 2147483647;
			dstPath = "";
			dstSubfolderSpec = 13;
			files = (
				4146914E1E32A9C60096FFA2 /* ExampleNotificationExtension.appex in Embed App Extensions */,
			);
			name = "Embed App Extensions";
			runOnlyForDeploymentPostprocessing = 0;
		};
/* End PBXCopyFilesBuildPhase section */

/* Begin PBXFileReference section */
		4146913F1E32A9C60096FFA2 /* ExampleNotificationExtension.appex */ = {isa = PBXFileReference; explicitFileType = "wrapper.app-extension"; includeInIndex = 0; path = ExampleNotificationExtension.appex; sourceTree = BUILT_PRODUCTS_DIR; };
		414691411E32A9C60096FFA2 /* UserNotifications.framework */ = {isa = PBXFileReference; lastKnownFileType = wrapper.framework; name = UserNotifications.framework; path = System/Library/Frameworks/UserNotifications.framework; sourceTree = SDKROOT; };
		414691431E32A9C60096FFA2 /* UserNotificationsUI.framework */ = {isa = PBXFileReference; lastKnownFileType = wrapper.framework; name = UserNotificationsUI.framework; path = System/Library/Frameworks/UserNotificationsUI.framework; sourceTree = SDKROOT; };
		414691461E32A9C60096FFA2 /* NotificationViewController.swift */ = {isa = PBXFileReference; lastKnownFileType = sourcecode.swift; path = NotificationViewController.swift; sourceTree = "<group>"; };
		414691491E32A9C60096FFA2 /* Base */ = {isa = PBXFileReference; lastKnownFileType = file.storyboard; name = Base; path = Base.lproj/MainInterface.storyboard; sourceTree = "<group>"; };
		4146914B1E32A9C60096FFA2 /* Info.plist */ = {isa = PBXFileReference; lastKnownFileType = text.plist.xml; path = Info.plist; sourceTree = "<group>"; };
		414857221E32526100CDE9C5 /* LocalNotifications.app */ = {isa = PBXFileReference; explicitFileType = wrapper.application; includeInIndex = 0; path = LocalNotifications.app; sourceTree = BUILT_PRODUCTS_DIR; };
		414857251E32526100CDE9C5 /* AppDelegate.swift */ = {isa = PBXFileReference; lastKnownFileType = sourcecode.swift; path = AppDelegate.swift; sourceTree = "<group>"; };
		414857271E32526100CDE9C5 /* ViewController.swift */ = {isa = PBXFileReference; lastKnownFileType = sourcecode.swift; path = ViewController.swift; sourceTree = "<group>"; };
		4148572A1E32526100CDE9C5 /* Base */ = {isa = PBXFileReference; lastKnownFileType = file.storyboard; name = Base; path = Base.lproj/Main.storyboard; sourceTree = "<group>"; };
		4148572C1E32526100CDE9C5 /* Assets.xcassets */ = {isa = PBXFileReference; lastKnownFileType = folder.assetcatalog; path = Assets.xcassets; sourceTree = "<group>"; };
		4148572F1E32526100CDE9C5 /* Base */ = {isa = PBXFileReference; lastKnownFileType = file.storyboard; name = Base; path = Base.lproj/LaunchScreen.storyboard; sourceTree = "<group>"; };
		414857311E32526100CDE9C5 /* Info.plist */ = {isa = PBXFileReference; lastKnownFileType = text.plist.xml; path = Info.plist; sourceTree = "<group>"; };
		414857371E3260E600CDE9C5 /* cat.gif */ = {isa = PBXFileReference; lastKnownFileType = image.gif; path = cat.gif; sourceTree = "<group>"; };
/* End PBXFileReference section */

/* Begin PBXFrameworksBuildPhase section */
		4146913C1E32A9C60096FFA2 /* Frameworks */ = {
			isa = PBXFrameworksBuildPhase;
			buildActionMask = 2147483647;
			files = (
				414691441E32A9C60096FFA2 /* UserNotificationsUI.framework in Frameworks */,
				414691421E32A9C60096FFA2 /* UserNotifications.framework in Frameworks */,
			);
			runOnlyForDeploymentPostprocessing = 0;
		};
		4148571F1E32526100CDE9C5 /* Frameworks */ = {
			isa = PBXFrameworksBuildPhase;
			buildActionMask = 2147483647;
			files = (
			);
			runOnlyForDeploymentPostprocessing = 0;
		};
/* End PBXFrameworksBuildPhase section */

/* Begin PBXGroup section */
		414691401E32A9C60096FFA2 /* Frameworks */ = {
			isa = PBXGroup;
			children = (
				414691411E32A9C60096FFA2 /* UserNotifications.framework */,
				414691431E32A9C60096FFA2 /* UserNotificationsUI.framework */,
			);
			name = Frameworks;
			sourceTree = "<group>";
		};
		414691451E32A9C60096FFA2 /* ExampleNotificationExtension */ = {
			isa = PBXGroup;
			children = (
				414691461E32A9C60096FFA2 /* NotificationViewController.swift */,
				414691481E32A9C60096FFA2 /* MainInterface.storyboard */,
				4146914B1E32A9C60096FFA2 /* Info.plist */,
			);
			path = ExampleNotificationExtension;
			sourceTree = "<group>";
		};
		414857191E32526000CDE9C5 = {
			isa = PBXGroup;
			children = (
				414857241E32526100CDE9C5 /* LocalNotifications */,
				414691451E32A9C60096FFA2 /* ExampleNotificationExtension */,
				414691401E32A9C60096FFA2 /* Frameworks */,
				414857231E32526100CDE9C5 /* Products */,
			);
			sourceTree = "<group>";
		};
		414857231E32526100CDE9C5 /* Products */ = {
			isa = PBXGroup;
			children = (
				414857221E32526100CDE9C5 /* LocalNotifications.app */,
				4146913F1E32A9C60096FFA2 /* ExampleNotificationExtension.appex */,
			);
			name = Products;
			sourceTree = "<group>";
		};
		414857241E32526100CDE9C5 /* LocalNotifications */ = {
			isa = PBXGroup;
			children = (
				414857251E32526100CDE9C5 /* AppDelegate.swift */,
				414857271E32526100CDE9C5 /* ViewController.swift */,
				414857291E32526100CDE9C5 /* Main.storyboard */,
				4148572C1E32526100CDE9C5 /* Assets.xcassets */,
				414857371E3260E600CDE9C5 /* cat.gif */,
				4148572E1E32526100CDE9C5 /* LaunchScreen.storyboard */,
				414857311E32526100CDE9C5 /* Info.plist */,
			);
			path = LocalNotifications;
			sourceTree = "<group>";
		};
/* End PBXGroup section */

/* Begin PBXNativeTarget section */
		4146913E1E32A9C60096FFA2 /* ExampleNotificationExtension */ = {
			isa = PBXNativeTarget;
			buildConfigurationList = 414691511E32A9C60096FFA2 /* Build configuration list for PBXNativeTarget "ExampleNotificationExtension" */;
			buildPhases = (
				4146913B1E32A9C60096FFA2 /* Sources */,
				4146913C1E32A9C60096FFA2 /* Frameworks */,
				4146913D1E32A9C60096FFA2 /* Resources */,
			);
			buildRules = (
			);
			dependencies = (
			);
			name = ExampleNotificationExtension;
			productName = ExampleNotificationExtension;
			productReference = 4146913F1E32A9C60096FFA2 /* ExampleNotificationExtension.appex */;
			productType = "com.apple.product-type.app-extension";
		};
		414857211E32526100CDE9C5 /* LocalNotifications */ = {
			isa = PBXNativeTarget;
			buildConfigurationList = 414857341E32526100CDE9C5 /* Build configuration list for PBXNativeTarget "LocalNotifications" */;
			buildPhases = (
				4148571E1E32526100CDE9C5 /* Sources */,
				4148571F1E32526100CDE9C5 /* Frameworks */,
				414857201E32526100CDE9C5 /* Resources */,
				414691521E32A9C60096FFA2 /* Embed App Extensions */,
			);
			buildRules = (
			);
			dependencies = (
				4146914D1E32A9C60096FFA2 /* PBXTargetDependency */,
			);
			name = LocalNotifications;
			productName = LocalNotifications;
			productReference = 414857221E32526100CDE9C5 /* LocalNotifications.app */;
			productType = "com.apple.product-type.application";
		};
/* End PBXNativeTarget section */

/* Begin PBXProject section */
		4148571A1E32526000CDE9C5 /* Project object */ = {
			isa = PBXProject;
			attributes = {
				LastSwiftUpdateCheck = 0820;
				LastUpgradeCheck = 0820;
				ORGANIZATIONNAME = "Eugene Pavlov";
				TargetAttributes = {
					4146913E1E32A9C60096FFA2 = {
						CreatedOnToolsVersion = 8.2.1;
						DevelopmentTeam = 7CWD477XND;
						ProvisioningStyle = Automatic;
					};
					414857211E32526100CDE9C5 = {
						CreatedOnToolsVersion = 8.2.1;
						DevelopmentTeam = 7CWD477XND;
						ProvisioningStyle = Automatic;
					};
				};
			};
			buildConfigurationList = 4148571D1E32526000CDE9C5 /* Build configuration list for PBXProject "LocalNotifications" */;
			compatibilityVersion = "Xcode 3.2";
			developmentRegion = English;
			hasScannedForEncodings = 0;
			knownRegions = (
				en,
				Base,
			);
			mainGroup = 414857191E32526000CDE9C5;
			productRefGroup = 414857231E32526100CDE9C5 /* Products */;
			projectDirPath = "";
			projectRoot = "";
			targets = (
				414857211E32526100CDE9C5 /* LocalNotifications */,
				4146913E1E32A9C60096FFA2 /* ExampleNotificationExtension */,
			);
		};
/* End PBXProject section */

/* Begin PBXResourcesBuildPhase section */
		4146913D1E32A9C60096FFA2 /* Resources */ = {
			isa = PBXResourcesBuildPhase;
			buildActionMask = 2147483647;
			files = (
				4146914A1E32A9C60096FFA2 /* MainInterface.storyboard in Resources */,
			);
			runOnlyForDeploymentPostprocessing = 0;
		};
		414857201E32526100CDE9C5 /* Resources */ = {
			isa = PBXResourcesBuildPhase;
			buildActionMask = 2147483647;
			files = (
				414857301E32526100CDE9C5 /* LaunchScreen.storyboard in Resources */,
				4148572D1E32526100CDE9C5 /* Assets.xcassets in Resources */,
				4148572B1E32526100CDE9C5 /* Main.storyboard in Resources */,
				414857381E3260E600CDE9C5 /* cat.gif in Resources */,
			);
			runOnlyForDeploymentPostprocessing = 0;
		};
/* End PBXResourcesBuildPhase section */

/* Begin PBXSourcesBuildPhase section */
		4146913B1E32A9C60096FFA2 /* Sources */ = {
			isa = PBXSourcesBuildPhase;
			buildActionMask = 2147483647;
			files = (
				414691471E32A9C60096FFA2 /* NotificationViewController.swift in Sources */,
			);
			runOnlyForDeploymentPostprocessing = 0;
		};
		4148571E1E32526100CDE9C5 /* Sources */ = {
			isa = PBXSourcesBuildPhase;
			buildActionMask = 2147483647;
			files = (
				414857281E32526100CDE9C5 /* ViewController.swift in Sources */,
				414857261E32526100CDE9C5 /* AppDelegate.swift in Sources */,
			);
			runOnlyForDeploymentPostprocessing = 0;
		};
/* End PBXSourcesBuildPhase section */

/* Begin PBXTargetDependency section */
		4146914D1E32A9C60096FFA2 /* PBXTargetDependency */ = {
			isa = PBXTargetDependency;
			target = 4146913E1E32A9C60096FFA2 /* ExampleNotificationExtension */;
			targetProxy = 4146914C1E32A9C60096FFA2 /* PBXContainerItemProxy */;
		};
/* End PBXTargetDependency section */

/* Begin PBXVariantGroup section */
		414691481E32A9C60096FFA2 /* MainInterface.storyboard */ = {
			isa = PBXVariantGroup;
			children = (
				414691491E32A9C60096FFA2 /* Base */,
			);
			name = MainInterface.storyboard;
			sourceTree = "<group>";
		};
		414857291E32526100CDE9C5 /* Main.storyboard */ = {
			isa = PBXVariantGroup;
			children = (
				4148572A1E32526100CDE9C5 /* Base */,
			);
			name = Main.storyboard;
			sourceTree = "<group>";
		};
		4148572E1E32526100CDE9C5 /* LaunchScreen.storyboard */ = {
			isa = PBXVariantGroup;
			children = (
				4148572F1E32526100CDE9C5 /* Base */,
			);
			name = LaunchScreen.storyboard;
			sourceTree = "<group>";
		};
/* End PBXVariantGroup section */

/* Begin XCBuildConfiguration section */
		4146914F1E32A9C60096FFA2 /* Debug */ = {
			isa = XCBuildConfiguration;
			buildSettings = {
				DEVELOPMENT_TEAM = 7CWD477XND;
				INFOPLIST_FILE = ExampleNotificationExtension/Info.plist;
				LD_RUNPATH_SEARCH_PATHS = "$(inherited) @executable_path/Frameworks @executable_path/../../Frameworks";
				PRODUCT_BUNDLE_IDENTIFIER = net.epavlov.LocalNotifications.ExampleNotificationExtension;
				PRODUCT_NAME = "$(TARGET_NAME)";
				SKIP_INSTALL = YES;
				SWIFT_VERSION = 3.0;
			};
			name = Debug;
		};
		414691501E32A9C60096FFA2 /* Release */ = {
			isa = XCBuildConfiguration;
			buildSettings = {
				DEVELOPMENT_TEAM = 7CWD477XND;
				INFOPLIST_FILE = ExampleNotificationExtension/Info.plist;
				LD_RUNPATH_SEARCH_PATHS = "$(inherited) @executable_path/Frameworks @executable_path/../../Frameworks";
				PRODUCT_BUNDLE_IDENTIFIER = net.epavlov.LocalNotifications.ExampleNotificationExtension;
				PRODUCT_NAME = "$(TARGET_NAME)";
				SKIP_INSTALL = YES;
				SWIFT_VERSION = 3.0;
			};
			name = Release;
		};
		414857321E32526100CDE9C5 /* Debug */ = {
			isa = XCBuildConfiguration;
			buildSettings = {
				ALWAYS_SEARCH_USER_PATHS = NO;
				CLANG_ANALYZER_NONNULL = YES;
				CLANG_CXX_LANGUAGE_STANDARD = "gnu++0x";
				CLANG_CXX_LIBRARY = "libc++";
				CLANG_ENABLE_MODULES = YES;
				CLANG_ENABLE_OBJC_ARC = YES;
				CLANG_WARN_BOOL_CONVERSION = YES;
				CLANG_WARN_CONSTANT_CONVERSION = YES;
				CLANG_WARN_DIRECT_OBJC_ISA_USAGE = YES_ERROR;
				CLANG_WARN_DOCUMENTATION_COMMENTS = YES;
				CLANG_WARN_EMPTY_BODY = YES;
				CLANG_WARN_ENUM_CONVERSION = YES;
				CLANG_WARN_INFINITE_RECURSION = YES;
				CLANG_WARN_INT_CONVERSION = YES;
				CLANG_WARN_OBJC_ROOT_CLASS = YES_ERROR;
				CLANG_WARN_SUSPICIOUS_MOVE = YES;
				CLANG_WARN_UNREACHABLE_CODE = YES;
				CLANG_WARN__DUPLICATE_METHOD_MATCH = YES;
				"CODE_SIGN_IDENTITY[sdk=iphoneos*]" = "iPhone Developer";
				COPY_PHASE_STRIP = NO;
				DEBUG_INFORMATION_FORMAT = dwarf;
				ENABLE_STRICT_OBJC_MSGSEND = YES;
				ENABLE_TESTABILITY = YES;
				GCC_C_LANGUAGE_STANDARD = gnu99;
				GCC_DYNAMIC_NO_PIC = NO;
				GCC_NO_COMMON_BLOCKS = YES;
				GCC_OPTIMIZATION_LEVEL = 0;
				GCC_PREPROCESSOR_DEFINITIONS = (
					"DEBUG=1",
					"$(inherited)",
				);
				GCC_WARN_64_TO_32_BIT_CONVERSION = YES;
				GCC_WARN_ABOUT_RETURN_TYPE = YES_ERROR;
				GCC_WARN_UNDECLARED_SELECTOR = YES;
				GCC_WARN_UNINITIALIZED_AUTOS = YES_AGGRESSIVE;
				GCC_WARN_UNUSED_FUNCTION = YES;
				GCC_WARN_UNUSED_VARIABLE = YES;
				IPHONEOS_DEPLOYMENT_TARGET = 10.2;
				MTL_ENABLE_DEBUG_INFO = YES;
				ONLY_ACTIVE_ARCH = YES;
				SDKROOT = iphoneos;
				SWIFT_ACTIVE_COMPILATION_CONDITIONS = DEBUG;
				SWIFT_OPTIMIZATION_LEVEL = "-Onone";
				TARGETED_DEVICE_FAMILY = "1,2";
			};
			name = Debug;
		};
		414857331E32526100CDE9C5 /* Release */ = {
			isa = XCBuildConfiguration;
			buildSettings = {
				ALWAYS_SEARCH_USER_PATHS = NO;
				CLANG_ANALYZER_NONNULL = YES;
				CLANG_CXX_LANGUAGE_STANDARD = "gnu++0x";
				CLANG_CXX_LIBRARY = "libc++";
				CLANG_ENABLE_MODULES = YES;
				CLANG_ENABLE_OBJC_ARC = YES;
				CLANG_WARN_BOOL_CONVERSION = YES;
				CLANG_WARN_CONSTANT_CONVERSION = YES;
				CLANG_WARN_DIRECT_OBJC_ISA_USAGE = YES_ERROR;
				CLANG_WARN_DOCUMENTATION_COMMENTS = YES;
				CLANG_WARN_EMPTY_BODY = YES;
				CLANG_WARN_ENUM_CONVERSION = YES;
				CLANG_WARN_INFINITE_RECURSION = YES;
				CLANG_WARN_INT_CONVERSION = YES;
				CLANG_WARN_OBJC_ROOT_CLASS = YES_ERROR;
				CLANG_WARN_SUSPICIOUS_MOVE = YES;
				CLANG_WARN_UNREACHABLE_CODE = YES;
				CLANG_WARN__DUPLICATE_METHOD_MATCH = YES;
				"CODE_SIGN_IDENTITY[sdk=iphoneos*]" = "iPhone Developer";
				COPY_PHASE_STRIP = NO;
				DEBUG_INFORMATION_FORMAT = "dwarf-with-dsym";
				ENABLE_NS_ASSERTIONS = NO;
				ENABLE_STRICT_OBJC_MSGSEND = YES;
				GCC_C_LANGUAGE_STANDARD = gnu99;
				GCC_NO_COMMON_BLOCKS = YES;
				GCC_WARN_64_TO_32_BIT_CONVERSION = YES;
				GCC_WARN_ABOUT_RETURN_TYPE = YES_ERROR;
				GCC_WARN_UNDECLARED_SELECTOR = YES;
				GCC_WARN_UNINITIALIZED_AUTOS = YES_AGGRESSIVE;
				GCC_WARN_UNUSED_FUNCTION = YES;
				GCC_WARN_UNUSED_VARIABLE = YES;
				IPHONEOS_DEPLOYMENT_TARGET = 10.2;
				MTL_ENABLE_DEBUG_INFO = NO;
				SDKROOT = iphoneos;
				SWIFT_OPTIMIZATION_LEVEL = "-Owholemodule";
				TARGETED_DEVICE_FAMILY = "1,2";
				VALIDATE_PRODUCT = YES;
			};
			name = Release;
		};
		414857351E32526100CDE9C5 /* Debug */ = {
			isa = XCBuildConfiguration;
			buildSettings = {
				ALWAYS_EMBED_SWIFT_STANDARD_LIBRARIES = YES;
				ASSETCATALOG_COMPILER_APPICON_NAME = AppIcon;
				DEVELOPMENT_TEAM = 7CWD477XND;
				INFOPLIST_FILE = LocalNotifications/Info.plist;
				LD_RUNPATH_SEARCH_PATHS = "$(inherited) @executable_path/Frameworks";
				PRODUCT_BUNDLE_IDENTIFIER = net.epavlov.LocalNotifications;
				PRODUCT_NAME = "$(TARGET_NAME)";
				SWIFT_VERSION = 3.0;
			};
			name = Debug;
		};
		414857361E32526100CDE9C5 /* Release */ = {
			isa = XCBuildConfiguration;
			buildSettings = {
				ALWAYS_EMBED_SWIFT_STANDARD_LIBRARIES = YES;
				ASSETCATALOG_COMPILER_APPICON_NAME = AppIcon;
				DEVELOPMENT_TEAM = 7CWD477XND;
				INFOPLIST_FILE = LocalNotifications/Info.plist;
				LD_RUNPATH_SEARCH_PATHS = "$(inherited) @executable_path/Frameworks";
				PRODUCT_BUNDLE_IDENTIFIER = net.epavlov.LocalNotifications;
				PRODUCT_NAME = "$(TARGET_NAME)";
				SWIFT_VERSION = 3.0;
			};
			name = Release;
		};
/* End XCBuildConfiguration section */

/* Begin XCConfigurationList section */
		414691511E32A9C60096FFA2 /* Build configuration list for PBXNativeTarget "ExampleNotificationExtension" */ = {
			isa = XCConfigurationList;
			buildConfigurations = (
				4146914F1E32A9C60096FFA2 /* Debug */,
				414691501E32A9C60096FFA2 /* Release */,
			);
			defaultConfigurationIsVisible = 0;
		};
		4148571D1E32526000CDE9C5 /* Build configuration list for PBXProject "LocalNotifications" */ = {
			isa = XCConfigurationList;
			buildConfigurations = (
				414857321E32526100CDE9C5 /* Debug */,
				414857331E32526100CDE9C5 /* Release */,
			);
			defaultConfigurationIsVisible = 0;
			defaultConfigurationName = Release;
		};
		414857341E32526100CDE9C5 /* Build configuration list for PBXNativeTarget "LocalNotifications" */ = {
			isa = XCConfigurationList;
			buildConfigurations = (
				414857351E32526100CDE9C5 /* Debug */,
				414857361E32526100CDE9C5 /* Release */,
			);
			defaultConfigurationIsVisible = 0;
			defaultConfigurationName = Release;
		};
/* End XCConfigurationList section */
	};
	rootObject = 4148571A1E32526000CDE9C5 /* Project object */;
}
